{
  "name": "d3-geom-concavehull",
  "version": "1.0.0",
  "lockfileVersion": 1,
  "requires": true,
  "dependencies": {
    "d3": {
      "version": "3.5.17",
      "resolved": "https://registry.npmjs.org/d3/-/d3-3.5.17.tgz",
      "integrity": "sha1-vEZ0gAQ3iyGjYMn8fPUjF5B2L7g="
    },
    "d3-delaunay": {
      "version": "4.1.0",
      "resolved": "https://registry.npmjs.org/d3-delaunay/-/d3-delaunay-4.1.0.tgz",
      "integrity": "sha512-mVymkmYrxChfSdHVKornfJdmPLX8AFLE5fCtns3HFDs6YxYaRdonRqHAgsWrzTPY2WMvA7p1/TF+wOk1eMEWLg==",
      "requires": {
        "delaunator": "2.0.0"
      }
    },
    "delaunator": {
      "version": "2.0.0",
      "resolved": "https://registry.npmjs.org/delaunator/-/delaunator-2.0.0.tgz",
      "integrity": "sha512-Hd+th5aAITcxJI12hyXRZqb/T54TdytqXEieY06BHQIx0TZ4EGQUfBzSK2ZF1OMCsg03u19YFYPiBYncq1RLcg=="
    }
  }
}
